PODS:
  - HWPopController (1.0.6)
  - Masonry (1.1.0)
  - SnapKit (5.0.1)

DEPENDENCIES:
  - HWPopController (from `../`)
  - Masonry
  - SnapKit (~> 5.0.0)

SPEC REPOS:
  https://github.com/CocoaPods/Specs.git:
    - Masonry
    - SnapKit

EXTERNAL SOURCES:
  HWPopController:
    :path: "../"

SPEC CHECKSUMS:
  HWPopController: 7a079918fe8ca5bf7de3d971faf1cab7fc905529
  Masonry: 678fab65091a9290e40e2832a55e7ab731aad201
  SnapKit: 97b92857e3df3a0c71833cce143274bf6ef8e5eb

PODFILE CHECKSUM: 8f87390b544a7583e5763502573e9dd26bdb1891

COCOAPODS: 1.10.0
